PODS:
  - connectivity (0.0.1)
  - connectivity_macos (0.0.1):
    - FlutterMacOS
    - Reachability
  - Firebase/Core (6.13.0):
    - Firebase/CoreOnly
    - FirebaseAnalytics (= 6.1.6)
  - Firebase/CoreOnly (6.13.0):
    - FirebaseCore (= 6.4.0)
  - firebase_core (0.0.1):
    - Firebase/Core
    - FlutterMacOS
  - FirebaseCore (6.4.0):
    - FirebaseCoreDiagnostics (~> 1.0)
    - FirebaseCoreDiagnosticsInterop (~> 1.0)
    - GoogleUtilities/Environment (~> 6.2)
    - GoogleUtilities/Logger (~> 6.2)
  - FirebaseCoreDiagnostics (1.1.2):
    - FirebaseCoreDiagnosticsInterop (~> 1.0)
    - GoogleDataTransportCCTSupport (~> 1.0)
    - GoogleUtilities/Environment (~> 6.2)
    - GoogleUtilities/Logger (~> 6.2)
    - nanopb (~> 0.3.901)
  - FirebaseCoreDiagnosticsInterop (1.1.0)
  - FlutterMacOS (1.0.0)
  - GoogleDataTransport (3.2.0)
  - GoogleDataTransportCCTSupport (1.2.2):
    - GoogleDataTransport (~> 3.2)
    - nanopb (~> 0.3.901)
  - GoogleUtilities/Environment (6.3.2)
  - GoogleUtilities/Logger (6.3.2):
    - GoogleUtilities/Environment
  - nanopb (0.3.9011):
    - nanopb/decode (= 0.3.9011)
    - nanopb/encode (= 0.3.9011)
  - nanopb/decode (0.3.9011)
  - nanopb/encode (0.3.9011)
  - Reachability (3.2)
  - shared_preferences (0.0.1)
  - shared_preferences_macos (0.0.1):
    - FlutterMacOS
  - url_launcher (0.0.1)
  - url_launcher_macos (0.0.1):
    - FlutterMacOS

DEPENDENCIES:
  - connectivity (from `Flutter/ephemeral/.symlinks/plugins/connectivity/macos`)
  - connectivity_macos (from `Flutter/ephemeral/.symlinks/plugins/connectivity_macos/macos`)
  - firebase_core (from `Flutter/ephemeral/.symlinks/plugins/firebase_core/macos`)
  - FlutterMacOS (from `Flutter/ephemeral/.symlinks/flutter/darwin-x64`)
  - shared_preferences (from `Flutter/ephemeral/.symlinks/plugins/shared_preferences/macos`)
  - shared_preferences_macos (from `Flutter/ephemeral/.symlinks/plugins/shared_preferences_macos/macos`)
  - url_launcher (from `Flutter/ephemeral/.symlinks/plugins/url_launcher/macos`)
  - url_launcher_macos (from `Flutter/ephemeral/.symlinks/plugins/url_launcher_macos/macos`)

SPEC REPOS:
  trunk:
    - Firebase
    - FirebaseCore
    - FirebaseCoreDiagnostics
    - FirebaseCoreDiagnosticsInterop
    - GoogleDataTransport
    - GoogleDataTransportCCTSupport
    - GoogleUtilities
    - nanopb
    - Reachability

EXTERNAL SOURCES:
  connectivity:
    :path: Flutter/ephemeral/.symlinks/plugins/connectivity/macos
  connectivity_macos:
    :path: Flutter/ephemeral/.symlinks/plugins/connectivity_macos/macos
  firebase_core:
    :path: Flutter/ephemeral/.symlinks/plugins/firebase_core/macos
  FlutterMacOS:
    :path: Flutter/ephemeral/.symlinks/flutter/darwin-x64
  shared_preferences:
    :path: Flutter/ephemeral/.symlinks/plugins/shared_preferences/macos
  shared_preferences_macos:
    :path: Flutter/ephemeral/.symlinks/plugins/shared_preferences_macos/macos
  url_launcher:
    :path: Flutter/ephemeral/.symlinks/plugins/url_launcher/macos
  url_launcher_macos:
    :path: Flutter/ephemeral/.symlinks/plugins/url_launcher_macos/macos

SPEC CHECKSUMS:
  connectivity: 5da134a8c10a7b6f334a17217fe4d0cfc4fb1c64
  connectivity_macos: 9c4ae58730e141c1a12dec9fbd04a0a7cab7610f
  Firebase: 458d109512200d1aca2e1b9b6cf7d68a869a4a46
  firebase_core: e667b38a318282181ea73e11f1171f803900bbb1
  FirebaseCore: 307ea2508df730c5865334e41965bd9ea344b0e5
  FirebaseCoreDiagnostics: 511f4f3ed7d440bb69127e8b97c2bc8befae639e
  FirebaseCoreDiagnosticsInterop: e9b1b023157e3a2fc6418b5cb601e79b9af7b3a0
  FlutterMacOS: 15bea8a44d2fa024068daa0140371c020b4b6ff9
  GoogleDataTransport: 8e9b210c97d55fbff306cc5468ff91b9cb32dcf5
  GoogleDataTransportCCTSupport: ef79a4728b864946a8aafdbab770d5294faf3b5f
  GoogleUtilities: 547a86735c6f0ee30ad17e94df4fc21f616b71cb
  nanopb: 18003b5e52dab79db540fe93fe9579f399bd1ccd
  Reachability: 33e18b67625424e47b6cde6d202dce689ad7af96
  shared_preferences: 9fec34d1bd906196a4da48fcf6c3ad521cc00b8d
  shared_preferences_macos: 5e5c2839894accb56b7d23328905b757f2bafaf6
  url_launcher: af78307ef9bafff91273b34f1c6c0c86a0004fd7
  url_launcher_macos: 76867a28e24e0b6b98bfd65f157b64108e6d477a

PODFILE CHECKSUM: d8ba9b3e9e93c62c74a660b46c6fcb09f03991a7

COCOAPODS: 1.8.4
